{
    "_readme": [
        "This file locks the dependencies of your project to a known state",
        "Read more about it at https://getcomposer.org/doc/01-basic-usage.md#installing-dependencies",
        "This file is @generated automatically"
    ],
    "content-hash": "9b2b380fd6f3bf3089eebb9bde5e692b",
    "packages": [
        {
            "name": "bayfrontmedia/php-array-helpers",
            "version": "1.0.1",
            "source": {
                "type": "git",
                "url": "https://github.com/bayfrontmedia/php-array-helpers.git",
                "reference": "a5d3dd357f6bee31c857e16b1db0199efb10307e"
            },
            "dist": {
                "type": "zip",
                "url": "https://api.github.com/repos/bayfrontmedia/php-array-helpers/zipball/a5d3dd357f6bee31c857e16b1db0199efb10307e",
                "reference": "a5d3dd357f6bee31c857e16b1db0199efb10307e",
                "shasum": ""
            },
            "require": {
                "php": ">=7.1.0"
            },
            "type": "library",
            "autoload": {
                "psr-4": {
                    "Bayfront\\ArrayHelpers\\": "src/"
                }
            },
            "notification-url": "https://packagist.org/downloads/",
            "license": [
                "MIT"
            ],
            "authors": [
                {
                    "name": "John Robinson",
                    "email": "john@bayfrontmedia.com",
                    "homepage": "https://www.bayfrontmedia.com",
                    "role": "Developer"
                }
            ],
            "description": "Helper class to provide useful array functions.",
            "homepage": "https://github.com/bayfrontmedia/php-array-helpers",
            "keywords": [
                "array",
                "function",
                "helper",
                "helpers",
                "php"
            ],
            "time": "2020-08-02T22:59:39+00:00"
        },
        {
            "name": "bayfrontmedia/php-mime-types",
            "version": "1.0.0",
            "source": {
                "type": "git",
                "url": "https://github.com/bayfrontmedia/php-mime-types.git",
                "reference": "380f1c6ea35cd9beb58bb5497924259d8ed14a80"
            },
            "dist": {
                "type": "zip",
                "url": "https://api.github.com/repos/bayfrontmedia/php-mime-types/zipball/380f1c6ea35cd9beb58bb5497924259d8ed14a80",
                "reference": "380f1c6ea35cd9beb58bb5497924259d8ed14a80",
                "shasum": ""
            },
            "require": {
                "php": ">=7.1.0"
            },
            "type": "library",
            "autoload": {
                "psr-4": {
                    "Bayfront\\MimeTypes\\": "src/"
                }
            },
            "notification-url": "https://packagist.org/downloads/",
            "license": [
                "MIT"
            ],
            "authors": [
                {
                    "name": "John Robinson",
                    "email": "john@bayfrontmedia.com",
                    "homepage": "https://www.bayfrontmedia.com",
                    "role": "Developer"
                }
            ],
            "description": "Simple class used to detect the appropriate MIME type of a file based on it's extension.",
            "homepage": "https://github.com/bayfrontmedia/php-mime-types",
            "keywords": [
                "extension",
                "file",
                "mime",
                "php",
                "type"
            ],
            "time": "2020-07-27T19:05:10+00:00"
        }
    ],
    "packages-dev": [],
    "aliases": [],
    "minimum-stability": "stable",
    "stability-flags": [],
    "prefer-stable": false,
    "prefer-lowest": false,
    "platform": {
        "php": ">=7.1.0",
        "ext-curl": "*",
        "ext-json": "*"
    },
    "platform-dev": []
}
