{
    "_readme": [
        "This file locks the dependencies of your project to a known state",
        "Read more about it at https://getcomposer.org/doc/01-basic-usage.md#installing-dependencies",
        "This file is @generated automatically"
    ],
    "content-hash": "9180b98da6a5793692d81d5053981947",
    "packages": [
        {
            "name": "bayfrontmedia/php-array-helpers",
            "version": "v1.1.0",
            "source": {
                "type": "git",
                "url": "https://github.com/bayfrontmedia/php-array-helpers.git",
                "reference": "ac938e3b5a252960539e331075d86a1e38bb4264"
            },
            "dist": {
                "type": "zip",
                "url": "https://api.github.com/repos/bayfrontmedia/php-array-helpers/zipball/ac938e3b5a252960539e331075d86a1e38bb4264",
                "reference": "ac938e3b5a252960539e331075d86a1e38bb4264",
                "shasum": ""
            },
            "require": {
                "php": ">=7.1.0"
            },
            "type": "library",
            "autoload": {
                "psr-4": {
                    "Bayfront\\ArrayHelpers\\": "src/"
                }
            },
            "notification-url": "https://packagist.org/downloads/",
            "license": [
                "MIT"
            ],
            "authors": [
                {
                    "name": "John Robinson",
                    "email": "john@bayfrontmedia.com",
                    "homepage": "https://www.bayfrontmedia.com",
                    "role": "Developer"
                }
            ],
            "description": "Helper class to provide useful array functions.",
            "homepage": "https://github.com/bayfrontmedia/php-array-helpers",
            "keywords": [
                "array",
                "function",
                "helper",
                "helpers",
                "php"
            ],
            "support": {
                "issues": "https://github.com/bayfrontmedia/php-array-helpers/issues",
                "source": "https://github.com/bayfrontmedia/php-array-helpers/tree/v1.1.0"
            },
            "funding": [
                {
                    "url": "https://www.patreon.com/bayfrontmedia",
                    "type": "patreon"
                }
            ],
            "time": "2020-11-23T16:52:47+00:00"
        },
        {
            "name": "bayfrontmedia/php-mime-types",
            "version": "1.0.0",
            "source": {
                "type": "git",
                "url": "https://github.com/bayfrontmedia/php-mime-types.git",
                "reference": "380f1c6ea35cd9beb58bb5497924259d8ed14a80"
            },
            "dist": {
                "type": "zip",
                "url": "https://api.github.com/repos/bayfrontmedia/php-mime-types/zipball/380f1c6ea35cd9beb58bb5497924259d8ed14a80",
                "reference": "380f1c6ea35cd9beb58bb5497924259d8ed14a80",
                "shasum": ""
            },
            "require": {
                "php": ">=7.1.0"
            },
            "type": "library",
            "autoload": {
                "psr-4": {
                    "Bayfront\\MimeTypes\\": "src/"
                }
            },
            "notification-url": "https://packagist.org/downloads/",
            "license": [
                "MIT"
            ],
            "authors": [
                {
                    "name": "John Robinson",
                    "email": "john@bayfrontmedia.com",
                    "homepage": "https://www.bayfrontmedia.com",
                    "role": "Developer"
                }
            ],
            "description": "Simple class used to detect the appropriate MIME type of a file based on it's extension.",
            "homepage": "https://github.com/bayfrontmedia/php-mime-types",
            "keywords": [
                "extension",
                "file",
                "mime",
                "php",
                "type"
            ],
            "support": {
                "issues": "https://github.com/bayfrontmedia/php-mime-types/issues",
                "source": "https://github.com/bayfrontmedia/php-mime-types/tree/v1.0.0"
            },
            "funding": [
                {
                    "url": "https://www.patreon.com/bayfrontmedia",
                    "type": "patreon"
                }
            ],
            "time": "2020-07-27T19:05:10+00:00"
        }
    ],
    "packages-dev": [],
    "aliases": [],
    "minimum-stability": "stable",
    "stability-flags": [],
    "prefer-stable": false,
    "prefer-lowest": false,
    "platform": {
        "php": ">=7.1.0",
        "ext-curl": "*",
        "ext-json": "*"
    },
    "platform-dev": [],
    "plugin-api-version": "2.0.0"
}
